
Microsoft Visual Studio Solution File, Format Version 12.00
# Visual Studio Version 17
VisualStudioVersion = 17.9.34728.123
MinimumVisualStudioVersion = 10.0.40219.1
Project("{FAE04EC0-301F-11D3-BF4B-00C04F79EFBC}") = "ArmstrongNumbers_Range", "ArmstrongNumbers_Range\ArmstrongNumbers_Range.csproj", "{678F42DE-C0FB-41ED-87E5-EA94958C7802}"
EndProject
Global
	GlobalSection(SolutionConfigurationPlatforms) = preSolution
		Debug|Any CPU = Debug|Any CPU
		Release|Any CPU = Release|Any CPU
	EndGlobalSection
	GlobalSection(ProjectConfigurationPlatforms) = postSolution
		{678F42DE-C0FB-41ED-87E5-EA94958C7802}.Debug|Any CPU.ActiveCfg = Debug|Any CPU
		{678F42DE-C0FB-41ED-87E5-EA94958C7802}.Debug|Any CPU.Build.0 = Debug|Any CPU
		{678F42DE-C0FB-41ED-87E5-EA94958C7802}.Release|Any CPU.ActiveCfg = Release|Any CPU
		{678F42DE-C0FB-41ED-87E5-EA94958C7802}.Release|Any CPU.Build.0 = Release|Any CPU
	EndGlobalSection
	GlobalSection(SolutionProperties) = preSolution
		HideSolutionNode = FALSE
	EndGlobalSection
	GlobalSection(ExtensibilityGlobals) = postSolution
		SolutionGuid = {047899E4-4A8F-4607-B153-C3EF2F668584}
	EndGlobalSection
EndGlobal
