
Microsoft Visual Studio Solution File, Format Version 12.00
# Visual Studio Version 17
VisualStudioVersion = 17.9.34728.123
MinimumVisualStudioVersion = 10.0.40219.1
Project("{FAE04EC0-301F-11D3-BF4B-00C04F79EFBC}") = "ArmstrongNumbers_OrNot", "ArmstrongNumbers_OrNot\ArmstrongNumbers_OrNot.csproj", "{9401F85C-6AF7-4C57-883A-2697FEBBA583}"
EndProject
Global
	GlobalSection(SolutionConfigurationPlatforms) = preSolution
		Debug|Any CPU = Debug|Any CPU
		Release|Any CPU = Release|Any CPU
	EndGlobalSection
	GlobalSection(ProjectConfigurationPlatforms) = postSolution
		{9401F85C-6AF7-4C57-883A-2697FEBBA583}.Debug|Any CPU.ActiveCfg = Debug|Any CPU
		{9401F85C-6AF7-4C57-883A-2697FEBBA583}.Debug|Any CPU.Build.0 = Debug|Any CPU
		{9401F85C-6AF7-4C57-883A-2697FEBBA583}.Release|Any CPU.ActiveCfg = Release|Any CPU
		{9401F85C-6AF7-4C57-883A-2697FEBBA583}.Release|Any CPU.Build.0 = Release|Any CPU
	EndGlobalSection
	GlobalSection(SolutionProperties) = preSolution
		HideSolutionNode = FALSE
	EndGlobalSection
	GlobalSection(ExtensibilityGlobals) = postSolution
		SolutionGuid = {8DA18433-5606-414D-8B58-BEC0E06F9527}
	EndGlobalSection
EndGlobal
